{
  "nodes": {
    "nixpkgs": {
      "locked": {
        "lastModified": 1787135253,
        "narHash": "sha256-RD2kNWCG+Bjo6h+JVjWVNntZs2GtRoeY2xHjts/FNkA=",
        "owner": "NixOS",
        "repo": "nixpkgs",
        "rev": "ffb3c9b700e759be2ef13237c9d8f953b32a1e46",
        "type": "github"
      },
      "original": {
        "owner": "NixOS",
        "ref": "nixos-unstable",
        "repo": "nixpkgs",
        "type": "github"
      }
    },
    "root": {
      "inputs": {
        "nixpkgs": "nixpkgs",
        "webkit": "webkit"
      }
    },
    "webkit": {
      "flake": false,
      "locked": {
        "lastModified": 1788065615,
        "narHash": "sha256-XhsCfpE74lJ46+1uPWC0WoGfTkqtRR8IbtGzSA6JmdU=",
        "ref": "refs/heads/main",
        "rev": "df289ce5519a13955bd806c44904ce32cca6bcd9",
        "shallow": true,
        "type": "git",
        "url": "https://github.com/WebKit/WebKit.git"
      },
      "original": {
        "ref": "refs/heads/main",
        "shallow": true,
        "type": "git",
        "url": "https://github.com/WebKit/WebKit.git"
      }
    }
  },
  "root": "root",
  "version": 7
}
