{
  "nodes": {
    "nixpkgs": {
      "locked": {
        "lastModified": 1787135253,
        "narHash": "sha256-RD2kNWCG+Bjo6h+JVjWVNntZs2GtRoeY2xHjts/FNkA=",
        "owner": "NixOS",
        "repo": "nixpkgs",
        "rev": "ffb3c9b700e759be2ef13237c9d8f953b32a1e46",
        "type": "github"
      },
      "original": {
        "owner": "NixOS",
        "ref": "nixos-unstable",
        "repo": "nixpkgs",
        "type": "github"
      }
    },
    "root": {
      "inputs": {
        "nixpkgs": "nixpkgs",
        "webkit": "webkit"
      }
    },
    "webkit": {
      "flake": false,
      "locked": {
        "lastModified": 1787546710,
        "narHash": "sha256-49chxSQxttwT0Fj/P4FOXkQQzfCO82lyZ9izOaUf2Hg=",
        "ref": "refs/heads/main",
        "rev": "60eee3f8f2c5bd21389fedb90964c8e78942800e",
        "shallow": true,
        "type": "git",
        "url": "https://github.com/WebKit/WebKit.git"
      },
      "original": {
        "ref": "refs/heads/main",
        "shallow": true,
        "type": "git",
        "url": "https://github.com/WebKit/WebKit.git"
      }
    }
  },
  "root": "root",
  "version": 7
}
