{
  "nodes": {
    "nixpkgs": {
      "locked": {
        "lastModified": 1787135253,
        "narHash": "sha256-RD2kNWCG+Bjo6h+JVjWVNntZs2GtRoeY2xHjts/FNkA=",
        "owner": "NixOS",
        "repo": "nixpkgs",
        "rev": "ffb3c9b700e759be2ef13237c9d8f953b32a1e46",
        "type": "github"
      },
      "original": {
        "owner": "NixOS",
        "ref": "nixos-unstable",
        "repo": "nixpkgs",
        "type": "github"
      }
    },
    "root": {
      "inputs": {
        "nixpkgs": "nixpkgs",
        "webkit": "webkit"
      }
    },
    "webkit": {
      "flake": false,
      "locked": {
        "lastModified": 1791175613,
        "narHash": "sha256-j279rDr1UcGo9KSMvAX/fuh6wYuTpy8ADB1dzrfAzEA=",
        "ref": "refs/heads/main",
        "rev": "9eb4e2ad5983af0d494b62b38e55ff9010fb5993",
        "shallow": true,
        "type": "git",
        "url": "https://github.com/WebKit/WebKit.git"
      },
      "original": {
        "ref": "refs/heads/main",
        "shallow": true,
        "type": "git",
        "url": "https://github.com/WebKit/WebKit.git"
      }
    }
  },
  "root": "root",
  "version": 7
}
